
Microsoft Visual Studio Solution File, Format Version 12.00
# Visual Studio Version 16
VisualStudioVersion = 16.0.31205.134
MinimumVisualStudioVersion = 10.0.40219.1
Project("{FAE04EC0-301F-11D3-BF4B-00C04F79EFBC}") = "recive data", "recive data\recive data.csproj", "{E8A7E547-92D3-4FF3-83B9-DE396891E1FC}"
EndProject
Global
	GlobalSection(SolutionConfigurationPlatforms) = preSolution
		Debug|Any CPU = Debug|Any CPU
		Release|Any CPU = Release|Any CPU
	EndGlobalSection
	GlobalSection(ProjectConfigurationPlatforms) = postSolution
		{E8A7E547-92D3-4FF3-83B9-DE396891E1FC}.Debug|Any CPU.ActiveCfg = Debug|Any CPU
		{E8A7E547-92D3-4FF3-83B9-DE396891E1FC}.Debug|Any CPU.Build.0 = Debug|Any CPU
		{E8A7E547-92D3-4FF3-83B9-DE396891E1FC}.Release|Any CPU.ActiveCfg = Release|Any CPU
		{E8A7E547-92D3-4FF3-83B9-DE396891E1FC}.Release|Any CPU.Build.0 = Release|Any CPU
	EndGlobalSection
	GlobalSection(SolutionProperties) = preSolution
		HideSolutionNode = FALSE
	EndGlobalSection
	GlobalSection(ExtensibilityGlobals) = postSolution
		SolutionGuid = {97A9C3EB-EC87-4278-9DB8-E7F053BC9BD3}
	EndGlobalSection
EndGlobal
